// !$*UTF8*$!
{
	archiveVersion = 1;
	classes = {
	};
	objectVersion = 77;
	objects = {

/* Begin PBXBuildFile section */
		09E7F7C75E0726108F16FF55 /* CreateEventView.swift in Sources */ = {isa = PBXBuildFile; fileRef = 7742D7EB11237AFCBA857B15 /* CreateEventView.swift */; };
		0EE8B27F946C864965D6FB06 /* EventDetailView.swift in Sources */ = {isa = PBXBuildFile; fileRef = 155B1582F5D03B4681CD993B /* EventDetailView.swift */; };
		1415F3F716740BDA0FE0F7EF /* UserTypeSelectionView.swift in Sources */ = {isa = PBXBuildFile; fileRef = E45A854CFE0F0D2380E44873 /* UserTypeSelectionView.swift */; };
		150B03527FAB96C6B1E7DED2 /* ProfileView.swift in Sources */ = {isa = PBXBuildFile; fileRef = 2059417CED5799ACB6697081 /* ProfileView.swift */; };
		1604DA40A5BAD00164B9A77A /* MockAPIService.swift in Sources */ = {isa = PBXBuildFile; fileRef = 226DFDCAE2D984E88429A5C7 /* MockAPIService.swift */; };
		1C0011F2D873DA84FC39EB3B /* ProfileViewModel.swift in Sources */ = {isa = PBXBuildFile; fileRef = 2A04A89F2F6DB3DC99B8C08E /* ProfileViewModel.swift */; };
		1F9746AE3786FE6B373AA261 /* Supabase in Frameworks */ = {isa = PBXBuildFile; productRef = CD2FC1ED2649AF7D8481DB9A /* Supabase */; };
		296F0218014A7DC3DACF826F /* UserTypes.swift in Sources */ = {isa = PBXBuildFile; fileRef = 980A821299BFAB6F3A75A452 /* UserTypes.swift */; };
		32C3A83A04E5005E2F84CF34 /* LoginView.swift in Sources */ = {isa = PBXBuildFile; fileRef = 588B55AC6301930A0AE188F8 /* LoginView.swift */; };
		33763CD2EDFBF5997FDD712A /* FeedViewModel.swift in Sources */ = {isa = PBXBuildFile; fileRef = 708A1B7FB748139C1B56C804 /* FeedViewModel.swift */; };
		34E92D6BB8CF83F7021A54E8 /* ExploreViewModel.swift in Sources */ = {isa = PBXBuildFile; fileRef = 10AFE3CD5C5C60A1CEA6490B /* ExploreViewModel.swift */; };
		3B2FD306AF4926E0EB403490 /* TownConnectApp.swift in Sources */ = {isa = PBXBuildFile; fileRef = A6DF43D3DEFE83F8235FCF75 /* TownConnectApp.swift */; };
		3C30BB94D8CE13BAAAF9C84A /* ExploreView.swift in Sources */ = {isa = PBXBuildFile; fileRef = 0C968890208CFF3600F42B52 /* ExploreView.swift */; };
		5ADFB5486153FA1388E5A89A /* Follow.swift in Sources */ = {isa = PBXBuildFile; fileRef = 26C1F6CB990EB70A16521F56 /* Follow.swift */; };
		5FDF79C697506184D8135875 /* AuthService.swift in Sources */ = {isa = PBXBuildFile; fileRef = 684332275D3C04327FD1B89B /* AuthService.swift */; };
		6252246901B7BE6C6ACDC1FB /* DesignSystem.swift in Sources */ = {isa = PBXBuildFile; fileRef = 27D5B148D3DEC0D0154F5F91 /* DesignSystem.swift */; };
		66F98F169EE0DF781822CE8E /* RootView.swift in Sources */ = {isa = PBXBuildFile; fileRef = 9268146308557C7B80A9E9CA /* RootView.swift */; };
		685E07F22FB5D9CA3A23F743 /* EventsViewModel.swift in Sources */ = {isa = PBXBuildFile; fileRef = 2F4008EDBDDE4B7BB11A638E /* EventsViewModel.swift */; };
		718AD0864517E736EDCA1A28 /* EmailVerificationView.swift in Sources */ = {isa = PBXBuildFile; fileRef = A3CD47A0164A557E79612789 /* EmailVerificationView.swift */; };
		778B9A0215218A256FFE840A /* AppContainer.swift in Sources */ = {isa = PBXBuildFile; fileRef = 1371270C38A14F783D4E032B /* AppContainer.swift */; };
		813070ACCEE0603A26E395BE /* ForgotPasswordView.swift in Sources */ = {isa = PBXBuildFile; fileRef = 181904590412594F4E581E63 /* ForgotPasswordView.swift */; };
		8145AFC77DD0BAC77C098820 /* MockAPIServiceTests.swift in Sources */ = {isa = PBXBuildFile; fileRef = CA5682C8AC791AD103742268 /* MockAPIServiceTests.swift */; };
		8386BE765BE69EF1609943B5 /* EventsView.swift in Sources */ = {isa = PBXBuildFile; fileRef = 2A8E50185D9A3D8F7BB4A1F1 /* EventsView.swift */; };
		8C9A7BC3EC98A85911CC9F3D /* User.swift in Sources */ = {isa = PBXBuildFile; fileRef = 738D16B14BD6EFE17BE6FAC5 /* User.swift */; };
		8FBF73C418928038CAADF520 /* Event.swift in Sources */ = {isa = PBXBuildFile; fileRef = 11E973181AB36EDD525DFF48 /* Event.swift */; };
		967B6C433BE8A4EF43AADA98 /* RootTabView.swift in Sources */ = {isa = PBXBuildFile; fileRef = 64086F78059C72B6644ACC1C /* RootTabView.swift */; };
		AB97107BFBFF1A23DBC7D3DD /* EventStore.swift in Sources */ = {isa = PBXBuildFile; fileRef = 80502EA6FA8D3C0F98B339DE /* EventStore.swift */; };
		BD2F792239D5391B56C0EC57 /* CalendarService.swift in Sources */ = {isa = PBXBuildFile; fileRef = 6A2774661D7FA32DF1A359F6 /* CalendarService.swift */; };
		C39B166EBEAEA5700519C844 /* EditProfileView.swift in Sources */ = {isa = PBXBuildFile; fileRef = F5377F9E25EF38F4F5546309 /* EditProfileView.swift */; };
		C7DAB7D10394E49468A1E2F9 /* RegistrationView.swift in Sources */ = {isa = PBXBuildFile; fileRef = 54795C9BA489684A7AEB4BE0 /* RegistrationView.swift */; };
		CB0F5B3B57DC93642B8FA6D0 /* HomeFeedView.swift in Sources */ = {isa = PBXBuildFile; fileRef = 1EDCF94DB6ADFFD6C851F3F4 /* HomeFeedView.swift */; };
		D9579FD47C09931C1BE6B721 /* ProfileCompletionView.swift in Sources */ = {isa = PBXBuildFile; fileRef = F2396FAC4F04D5939E35E168 /* ProfileCompletionView.swift */; };
		DFE5AE80553BCD32E4A65224 /* UserStore.swift in Sources */ = {isa = PBXBuildFile; fileRef = 685BB3B56CA8CECF8DE77C8E /* UserStore.swift */; };
		F0028B64FE1070CCAC6ABDC1 /* SupabaseService.swift in Sources */ = {isa = PBXBuildFile; fileRef = 2645ABA28B61EDA2E038401B /* SupabaseService.swift */; };
		F144FADAE90EA537C57ED9C6 /* Assets.xcassets in Resources */ = {isa = PBXBuildFile; fileRef = 9F86E1AE971E1F31892E5056 /* Assets.xcassets */; };
/* End PBXBuildFile section */

/* Begin PBXContainerItemProxy section */
		5BDAC2F86A678934C7B022E3 /* PBXContainerItemProxy */ = {
			isa = PBXContainerItemProxy;
			containerPortal = 19879704394D8D31C47886FF /* Project object */;
			proxyType = 1;
			remoteGlobalIDString = A26E8435E3619BB434556E8E;
			remoteInfo = TownConnect;
		};
/* End PBXContainerItemProxy section */

/* Begin PBXFileReference section */
		0C968890208CFF3600F42B52 /* ExploreView.swift */ = {isa = PBXFileReference; lastKnownFileType = sourcecode.swift; path = ExploreView.swift; sourceTree = "<group>"; };
		10AFE3CD5C5C60A1CEA6490B /* ExploreViewModel.swift */ = {isa = PBXFileReference; lastKnownFileType = sourcecode.swift; path = ExploreViewModel.swift; sourceTree = "<group>"; };
		11E973181AB36EDD525DFF48 /* Event.swift */ = {isa = PBXFileReference; lastKnownFileType = sourcecode.swift; path = Event.swift; sourceTree = "<group>"; };
		1371270C38A14F783D4E032B /* AppContainer.swift */ = {isa = PBXFileReference; lastKnownFileType = sourcecode.swift; path = AppContainer.swift; sourceTree = "<group>"; };
		155B1582F5D03B4681CD993B /* EventDetailView.swift */ = {isa = PBXFileReference; lastKnownFileType = sourcecode.swift; path = EventDetailView.swift; sourceTree = "<group>"; };
		181904590412594F4E581E63 /* ForgotPasswordView.swift */ = {isa = PBXFileReference; lastKnownFileType = sourcecode.swift; path = ForgotPasswordView.swift; sourceTree = "<group>"; };
		1EDCF94DB6ADFFD6C851F3F4 /* HomeFeedView.swift */ = {isa = PBXFileReference; lastKnownFileType = sourcecode.swift; path = HomeFeedView.swift; sourceTree = "<group>"; };
		2059417CED5799ACB6697081 /* ProfileView.swift */ = {isa = PBXFileReference; lastKnownFileType = sourcecode.swift; path = ProfileView.swift; sourceTree = "<group>"; };
		226DFDCAE2D984E88429A5C7 /* MockAPIService.swift */ = {isa = PBXFileReference; lastKnownFileType = sourcecode.swift; path = MockAPIService.swift; sourceTree = "<group>"; };
		2645ABA28B61EDA2E038401B /* SupabaseService.swift */ = {isa = PBXFileReference; lastKnownFileType = sourcecode.swift; path = SupabaseService.swift; sourceTree = "<group>"; };
		26C1F6CB990EB70A16521F56 /* Follow.swift */ = {isa = PBXFileReference; lastKnownFileType = sourcecode.swift; path = Follow.swift; sourceTree = "<group>"; };
		27D5B148D3DEC0D0154F5F91 /* DesignSystem.swift */ = {isa = PBXFileReference; lastKnownFileType = sourcecode.swift; path = DesignSystem.swift; sourceTree = "<group>"; };
		2A04A89F2F6DB3DC99B8C08E /* ProfileViewModel.swift */ = {isa = PBXFileReference; lastKnownFileType = sourcecode.swift; path = ProfileViewModel.swift; sourceTree = "<group>"; };
		2A8E50185D9A3D8F7BB4A1F1 /* EventsView.swift */ = {isa = PBXFileReference; lastKnownFileType = sourcecode.swift; path = EventsView.swift; sourceTree = "<group>"; };
		2F4008EDBDDE4B7BB11A638E /* EventsViewModel.swift */ = {isa = PBXFileReference; lastKnownFileType = sourcecode.swift; path = EventsViewModel.swift; sourceTree = "<group>"; };
		54795C9BA489684A7AEB4BE0 /* RegistrationView.swift */ = {isa = PBXFileReference; lastKnownFileType = sourcecode.swift; path = RegistrationView.swift; sourceTree = "<group>"; };
		588B55AC6301930A0AE188F8 /* LoginView.swift */ = {isa = PBXFileReference; lastKnownFileType = sourcecode.swift; path = LoginView.swift; sourceTree = "<group>"; };
		5ECA7B4F64DEDD1307A05990 /* Info.plist */ = {isa = PBXFileReference; lastKnownFileType = text.plist; path = Info.plist; sourceTree = "<group>"; };
		64086F78059C72B6644ACC1C /* RootTabView.swift */ = {isa = PBXFileReference; lastKnownFileType = sourcecode.swift; path = RootTabView.swift; sourceTree = "<group>"; };
		64C11C3056CA0E0E79A6A290 /* TownConnectTests.xctest */ = {isa = PBXFileReference; includeInIndex = 0; lastKnownFileType = wrapper.cfbundle; path = TownConnectTests.xctest; sourceTree = BUILT_PRODUCTS_DIR; };
		684332275D3C04327FD1B89B /* AuthService.swift */ = {isa = PBXFileReference; lastKnownFileType = sourcecode.swift; path = AuthService.swift; sourceTree = "<group>"; };
		685BB3B56CA8CECF8DE77C8E /* UserStore.swift */ = {isa = PBXFileReference; lastKnownFileType = sourcecode.swift; path = UserStore.swift; sourceTree = "<group>"; };
		6A2774661D7FA32DF1A359F6 /* CalendarService.swift */ = {isa = PBXFileReference; lastKnownFileType = sourcecode.swift; path = CalendarService.swift; sourceTree = "<group>"; };
		708A1B7FB748139C1B56C804 /* FeedViewModel.swift */ = {isa = PBXFileReference; lastKnownFileType = sourcecode.swift; path = FeedViewModel.swift; sourceTree = "<group>"; };
		738D16B14BD6EFE17BE6FAC5 /* User.swift */ = {isa = PBXFileReference; lastKnownFileType = sourcecode.swift; path = User.swift; sourceTree = "<group>"; };
		7742D7EB11237AFCBA857B15 /* CreateEventView.swift */ = {isa = PBXFileReference; lastKnownFileType = sourcecode.swift; path = CreateEventView.swift; sourceTree = "<group>"; };
		80502EA6FA8D3C0F98B339DE /* EventStore.swift */ = {isa = PBXFileReference; lastKnownFileType = sourcecode.swift; path = EventStore.swift; sourceTree = "<group>"; };
		9268146308557C7B80A9E9CA /* RootView.swift */ = {isa = PBXFileReference; lastKnownFileType = sourcecode.swift; path = RootView.swift; sourceTree = "<group>"; };
		980A821299BFAB6F3A75A452 /* UserTypes.swift */ = {isa = PBXFileReference; lastKnownFileType = sourcecode.swift; path = UserTypes.swift; sourceTree = "<group>"; };
		9F86E1AE971E1F31892E5056 /* Assets.xcassets */ = {isa = PBXFileReference; lastKnownFileType = folder.assetcatalog; path = Assets.xcassets; sourceTree = "<group>"; };
		A3CD47A0164A557E79612789 /* EmailVerificationView.swift */ = {isa = PBXFileReference; lastKnownFileType = sourcecode.swift; path = EmailVerificationView.swift; sourceTree = "<group>"; };
		A6DF43D3DEFE83F8235FCF75 /* TownConnectApp.swift */ = {isa = PBXFileReference; lastKnownFileType = sourcecode.swift; path = TownConnectApp.swift; sourceTree = "<group>"; };
		CA5682C8AC791AD103742268 /* MockAPIServiceTests.swift */ = {isa = PBXFileReference; lastKnownFileType = sourcecode.swift; path = MockAPIServiceTests.swift; sourceTree = "<group>"; };
		E2630E5668A39B0791EA5E57 /* TownConnect.app */ = {isa = PBXFileReference; includeInIndex = 0; lastKnownFileType = wrapper.application; path = TownConnect.app; sourceTree = BUILT_PRODUCTS_DIR; };
		E45A854CFE0F0D2380E44873 /* UserTypeSelectionView.swift */ = {isa = PBXFileReference; lastKnownFileType = sourcecode.swift; path = UserTypeSelectionView.swift; sourceTree = "<group>"; };
		F2396FAC4F04D5939E35E168 /* ProfileCompletionView.swift */ = {isa = PBXFileReference; lastKnownFileType = sourcecode.swift; path = ProfileCompletionView.swift; sourceTree = "<group>"; };
		F5377F9E25EF38F4F5546309 /* EditProfileView.swift */ = {isa = PBXFileReference; lastKnownFileType = sourcecode.swift; path = EditProfileView.swift; sourceTree = "<group>"; };
/* End PBXFileReference section */

/* Begin PBXFrameworksBuildPhase section */
		0B6E2706C4D3B42A76B759C1 /* Frameworks */ = {
			isa = PBXFrameworksBuildPhase;
			buildActionMask = 2147483647;
			files = (
				1F9746AE3786FE6B373AA261 /* Supabase in Frameworks */,
			);
			runOnlyForDeploymentPostprocessing = 0;
		};
/* End PBXFrameworksBuildPhase section */

/* Begin PBXGroup section */
		1E4D83E8CBD9737706EFE5FF /* Services */ = {
			isa = PBXGroup;
			children = (
				684332275D3C04327FD1B89B /* AuthService.swift */,
				6A2774661D7FA32DF1A359F6 /* CalendarService.swift */,
				226DFDCAE2D984E88429A5C7 /* MockAPIService.swift */,
				2645ABA28B61EDA2E038401B /* SupabaseService.swift */,
			);
			path = Services;
			sourceTree = "<group>";
		};
		31254A3609952D90C2C1E918 /* Models */ = {
			isa = PBXGroup;
			children = (
				11E973181AB36EDD525DFF48 /* Event.swift */,
				26C1F6CB990EB70A16521F56 /* Follow.swift */,
				738D16B14BD6EFE17BE6FAC5 /* User.swift */,
				980A821299BFAB6F3A75A452 /* UserTypes.swift */,
			);
			path = Models;
			sourceTree = "<group>";
		};
		3F5D060916A5F8A38B28F8AB /* TownConnectTests */ = {
			isa = PBXGroup;
			children = (
				CA5682C8AC791AD103742268 /* MockAPIServiceTests.swift */,
			);
			path = TownConnectTests;
			sourceTree = "<group>";
		};
		70400FB084C34DC72FE3000F /* ViewModels */ = {
			isa = PBXGroup;
			children = (
				2F4008EDBDDE4B7BB11A638E /* EventsViewModel.swift */,
				10AFE3CD5C5C60A1CEA6490B /* ExploreViewModel.swift */,
				708A1B7FB748139C1B56C804 /* FeedViewModel.swift */,
				2A04A89F2F6DB3DC99B8C08E /* ProfileViewModel.swift */,
			);
			path = ViewModels;
			sourceTree = "<group>";
		};
		732048C4947EF08C4A402110 /* Stores */ = {
			isa = PBXGroup;
			children = (
				80502EA6FA8D3C0F98B339DE /* EventStore.swift */,
				685BB3B56CA8CECF8DE77C8E /* UserStore.swift */,
			);
			path = Stores;
			sourceTree = "<group>";
		};
		80F17E7A213EF05AA8520B1A = {
			isa = PBXGroup;
			children = (
				CFD1510174456B838D29A229 /* TownConnect */,
				3F5D060916A5F8A38B28F8AB /* TownConnectTests */,
				AA34CD98791F5772FED4D7F3 /* Products */,
			);
			sourceTree = "<group>";
		};
		8661EDD8A597CB5FCFD706FA /* App */ = {
			isa = PBXGroup;
			children = (
				64086F78059C72B6644ACC1C /* RootTabView.swift */,
				A6DF43D3DEFE83F8235FCF75 /* TownConnectApp.swift */,
			);
			path = App;
			sourceTree = "<group>";
		};
		88FF8323DDCB9D7CBE7940A0 /* Core */ = {
			isa = PBXGroup;
			children = (
				1371270C38A14F783D4E032B /* AppContainer.swift */,
				27D5B148D3DEC0D0154F5F91 /* DesignSystem.swift */,
			);
			path = Core;
			sourceTree = "<group>";
		};
		A540ABFA8102F9CDB79CD708 /* Auth */ = {
			isa = PBXGroup;
			children = (
				A3CD47A0164A557E79612789 /* EmailVerificationView.swift */,
				181904590412594F4E581E63 /* ForgotPasswordView.swift */,
				588B55AC6301930A0AE188F8 /* LoginView.swift */,
				F2396FAC4F04D5939E35E168 /* ProfileCompletionView.swift */,
				54795C9BA489684A7AEB4BE0 /* RegistrationView.swift */,
				E45A854CFE0F0D2380E44873 /* UserTypeSelectionView.swift */,
			);
			path = Auth;
			sourceTree = "<group>";
		};
		AA34CD98791F5772FED4D7F3 /* Products */ = {
			isa = PBXGroup;
			children = (
				E2630E5668A39B0791EA5E57 /* TownConnect.app */,
				64C11C3056CA0E0E79A6A290 /* TownConnectTests.xctest */,
			);
			name = Products;
			sourceTree = "<group>";
		};
		CFD1510174456B838D29A229 /* TownConnect */ = {
			isa = PBXGroup;
			children = (
				8661EDD8A597CB5FCFD706FA /* App */,
				88FF8323DDCB9D7CBE7940A0 /* Core */,
				31254A3609952D90C2C1E918 /* Models */,
				F52C704603AAD28EF054A7BE /* Resources */,
				1E4D83E8CBD9737706EFE5FF /* Services */,
				732048C4947EF08C4A402110 /* Stores */,
				70400FB084C34DC72FE3000F /* ViewModels */,
				F7B04DEC017684B8F51A5D3D /* Views */,
			);
			path = TownConnect;
			sourceTree = "<group>";
		};
		F52C704603AAD28EF054A7BE /* Resources */ = {
			isa = PBXGroup;
			children = (
				9F86E1AE971E1F31892E5056 /* Assets.xcassets */,
				5ECA7B4F64DEDD1307A05990 /* Info.plist */,
			);
			path = Resources;
			sourceTree = "<group>";
		};
		F7B04DEC017684B8F51A5D3D /* Views */ = {
			isa = PBXGroup;
			children = (
				7742D7EB11237AFCBA857B15 /* CreateEventView.swift */,
				F5377F9E25EF38F4F5546309 /* EditProfileView.swift */,
				155B1582F5D03B4681CD993B /* EventDetailView.swift */,
				2A8E50185D9A3D8F7BB4A1F1 /* EventsView.swift */,
				0C968890208CFF3600F42B52 /* ExploreView.swift */,
				1EDCF94DB6ADFFD6C851F3F4 /* HomeFeedView.swift */,
				2059417CED5799ACB6697081 /* ProfileView.swift */,
				9268146308557C7B80A9E9CA /* RootView.swift */,
				A540ABFA8102F9CDB79CD708 /* Auth */,
			);
			path = Views;
			sourceTree = "<group>";
		};
/* End PBXGroup section */

/* Begin PBXNativeTarget section */
		A26E8435E3619BB434556E8E /* TownConnect */ = {
			isa = PBXNativeTarget;
			buildConfigurationList = B9F710C6E48624C95FDCB924 /* Build configuration list for PBXNativeTarget "TownConnect" */;
			buildPhases = (
				F010164EC0E6F34B9C7E911F /* Sources */,
				223C1FC6B4C687CBBBCFE335 /* Resources */,
				0B6E2706C4D3B42A76B759C1 /* Frameworks */,
			);
			buildRules = (
			);
			dependencies = (
			);
			name = TownConnect;
			packageProductDependencies = (
				CD2FC1ED2649AF7D8481DB9A /* Supabase */,
			);
			productName = TownConnect;
			productReference = E2630E5668A39B0791EA5E57 /* TownConnect.app */;
			productType = "com.apple.product-type.application";
		};
		E04A17E64709FAE4A498D5A6 /* TownConnectTests */ = {
			isa = PBXNativeTarget;
			buildConfigurationList = 1C627B183D1A66C6E27FC1EE /* Build configuration list for PBXNativeTarget "TownConnectTests" */;
			buildPhases = (
				DEE8BF8186E79B98D62AD74E /* Sources */,
			);
			buildRules = (
			);
			dependencies = (
				C0CC20B8D13408E11D09610C /* PBXTargetDependency */,
			);
			name = TownConnectTests;
			packageProductDependencies = (
			);
			productName = TownConnectTests;
			productReference = 64C11C3056CA0E0E79A6A290 /* TownConnectTests.xctest */;
			productType = "com.apple.product-type.bundle.unit-test";
		};
/* End PBXNativeTarget section */

/* Begin PBXProject section */
		19879704394D8D31C47886FF /* Project object */ = {
			isa = PBXProject;
			attributes = {
				BuildIndependentTargetsInParallel = YES;
				LastUpgradeCheck = 1430;
			};
			buildConfigurationList = CAB3E27E40662C4421DC98D3 /* Build configuration list for PBXProject "TownConnect" */;
			compatibilityVersion = "Xcode 14.0";
			developmentRegion = en;
			hasScannedForEncodings = 0;
			knownRegions = (
				Base,
				en,
			);
			mainGroup = 80F17E7A213EF05AA8520B1A;
			minimizedProjectReferenceProxies = 1;
			packageReferences = (
				D38FCFCD5473185249BC5294 /* XCRemoteSwiftPackageReference "supabase-swift" */,
			);
			preferredProjectObjectVersion = 77;
			projectDirPath = "";
			projectRoot = "";
			targets = (
				A26E8435E3619BB434556E8E /* TownConnect */,
				E04A17E64709FAE4A498D5A6 /* TownConnectTests */,
			);
		};
/* End PBXProject section */

/* Begin PBXResourcesBuildPhase section */
		223C1FC6B4C687CBBBCFE335 /* Resources */ = {
			isa = PBXResourcesBuildPhase;
			buildActionMask = 2147483647;
			files = (
				F144FADAE90EA537C57ED9C6 /* Assets.xcassets in Resources */,
			);
			runOnlyForDeploymentPostprocessing = 0;
		};
/* End PBXResourcesBuildPhase section */

/* Begin PBXSourcesBuildPhase section */
		DEE8BF8186E79B98D62AD74E /* Sources */ = {
			isa = PBXSourcesBuildPhase;
			buildActionMask = 2147483647;
			files = (
				8145AFC77DD0BAC77C098820 /* MockAPIServiceTests.swift in Sources */,
			);
			runOnlyForDeploymentPostprocessing = 0;
		};
		F010164EC0E6F34B9C7E911F /* Sources */ = {
			isa = PBXSourcesBuildPhase;
			buildActionMask = 2147483647;
			files = (
				778B9A0215218A256FFE840A /* AppContainer.swift in Sources */,
				5FDF79C697506184D8135875 /* AuthService.swift in Sources */,
				BD2F792239D5391B56C0EC57 /* CalendarService.swift in Sources */,
				09E7F7C75E0726108F16FF55 /* CreateEventView.swift in Sources */,
				6252246901B7BE6C6ACDC1FB /* DesignSystem.swift in Sources */,
				C39B166EBEAEA5700519C844 /* EditProfileView.swift in Sources */,
				718AD0864517E736EDCA1A28 /* EmailVerificationView.swift in Sources */,
				8FBF73C418928038CAADF520 /* Event.swift in Sources */,
				0EE8B27F946C864965D6FB06 /* EventDetailView.swift in Sources */,
				AB97107BFBFF1A23DBC7D3DD /* EventStore.swift in Sources */,
				8386BE765BE69EF1609943B5 /* EventsView.swift in Sources */,
				685E07F22FB5D9CA3A23F743 /* EventsViewModel.swift in Sources */,
				3C30BB94D8CE13BAAAF9C84A /* ExploreView.swift in Sources */,
				34E92D6BB8CF83F7021A54E8 /* ExploreViewModel.swift in Sources */,
				33763CD2EDFBF5997FDD712A /* FeedViewModel.swift in Sources */,
				5ADFB5486153FA1388E5A89A /* Follow.swift in Sources */,
				813070ACCEE0603A26E395BE /* ForgotPasswordView.swift in Sources */,
				CB0F5B3B57DC93642B8FA6D0 /* HomeFeedView.swift in Sources */,
				32C3A83A04E5005E2F84CF34 /* LoginView.swift in Sources */,
				1604DA40A5BAD00164B9A77A /* MockAPIService.swift in Sources */,
				D9579FD47C09931C1BE6B721 /* ProfileCompletionView.swift in Sources */,
				150B03527FAB96C6B1E7DED2 /* ProfileView.swift in Sources */,
				1C0011F2D873DA84FC39EB3B /* ProfileViewModel.swift in Sources */,
				C7DAB7D10394E49468A1E2F9 /* RegistrationView.swift in Sources */,
				967B6C433BE8A4EF43AADA98 /* RootTabView.swift in Sources */,
				66F98F169EE0DF781822CE8E /* RootView.swift in Sources */,
				F0028B64FE1070CCAC6ABDC1 /* SupabaseService.swift in Sources */,
				3B2FD306AF4926E0EB403490 /* TownConnectApp.swift in Sources */,
				8C9A7BC3EC98A85911CC9F3D /* User.swift in Sources */,
				DFE5AE80553BCD32E4A65224 /* UserStore.swift in Sources */,
				1415F3F716740BDA0FE0F7EF /* UserTypeSelectionView.swift in Sources */,
				296F0218014A7DC3DACF826F /* UserTypes.swift in Sources */,
			);
			runOnlyForDeploymentPostprocessing = 0;
		};
/* End PBXSourcesBuildPhase section */

/* Begin PBXTargetDependency section */
		C0CC20B8D13408E11D09610C /* PBXTargetDependency */ = {
			isa = PBXTargetDependency;
			target = A26E8435E3619BB434556E8E /* TownConnect */;
			targetProxy = 5BDAC2F86A678934C7B022E3 /* PBXContainerItemProxy */;
		};
/* End PBXTargetDependency section */

/* Begin XCBuildConfiguration section */
		911FBEC480427563C4219E4F /* Debug */ = {
			isa = XCBuildConfiguration;
			buildSettings = {
				ASSETCATALOG_COMPILER_APPICON_NAME = AppIcon;
				CODE_SIGN_IDENTITY = "iPhone Developer";
				INFOPLIST_FILE = TownConnect/Resources/Info.plist;
				LD_RUNPATH_SEARCH_PATHS = (
					"$(inherited)",
					"@executable_path/Frameworks",
				);
				PRODUCT_BUNDLE_IDENTIFIER = app.townconnect;
				SDKROOT = iphoneos;
				TARGETED_DEVICE_FAMILY = "1,2";
			};
			name = Debug;
		};
		B2C6EAC5AF4810D08BFBC97E /* Debug */ = {
			isa = XCBuildConfiguration;
			buildSettings = {
				ALWAYS_SEARCH_USER_PATHS = NO;
				CLANG_ANALYZER_NONNULL = YES;
				CLANG_ANALYZER_NUMBER_OBJECT_CONVERSION = YES_AGGRESSIVE;
				CLANG_CXX_LANGUAGE_STANDARD = "gnu++14";
				CLANG_CXX_LIBRARY = "libc++";
				CLANG_ENABLE_MODULES = YES;
				CLANG_ENABLE_OBJC_ARC = YES;
				CLANG_ENABLE_OBJC_WEAK = YES;
				CLANG_WARN_BLOCK_CAPTURE_AUTORELEASING = YES;
				CLANG_WARN_BOOL_CONVERSION = YES;
				CLANG_WARN_COMMA = YES;
				CLANG_WARN_CONSTANT_CONVERSION = YES;
				CLANG_WARN_DEPRECATED_OBJC_IMPLEMENTATIONS = YES;
				CLANG_WARN_DIRECT_OBJC_ISA_USAGE = YES_ERROR;
				CLANG_WARN_DOCUMENTATION_COMMENTS = YES;
				CLANG_WARN_EMPTY_BODY = YES;
				CLANG_WARN_ENUM_CONVERSION = YES;
				CLANG_WARN_INFINITE_RECURSION = YES;
				CLANG_WARN_INT_CONVERSION = YES;
				CLANG_WARN_NON_LITERAL_NULL_CONVERSION = YES;
				CLANG_WARN_OBJC_IMPLICIT_RETAIN_SELF = YES;
				CLANG_WARN_OBJC_LITERAL_CONVERSION = YES;
				CLANG_WARN_OBJC_ROOT_CLASS = YES_ERROR;
				CLANG_WARN_QUOTED_INCLUDE_IN_FRAMEWORK_HEADER = YES;
				CLANG_WARN_RANGE_LOOP_ANALYSIS = YES;
				CLANG_WARN_STRICT_PROTOTYPES = YES;
				CLANG_WARN_SUSPICIOUS_MOVE = YES;
				CLANG_WARN_UNGUARDED_AVAILABILITY = YES_AGGRESSIVE;
				CLANG_WARN_UNREACHABLE_CODE = YES;
				CLANG_WARN__DUPLICATE_METHOD_MATCH = YES;
				COPY_PHASE_STRIP = NO;
				DEBUG_INFORMATION_FORMAT = dwarf;
				ENABLE_STRICT_OBJC_MSGSEND = YES;
				ENABLE_TESTABILITY = YES;
				GCC_C_LANGUAGE_STANDARD = gnu11;
				GCC_DYNAMIC_NO_PIC = NO;
				GCC_NO_COMMON_BLOCKS = YES;
				GCC_OPTIMIZATION_LEVEL = 0;
				GCC_PREPROCESSOR_DEFINITIONS = (
					"$(inherited)",
					"DEBUG=1",
				);
				GCC_WARN_64_TO_32_BIT_CONVERSION = YES;
				GCC_WARN_ABOUT_RETURN_TYPE = YES_ERROR;
				GCC_WARN_UNDECLARED_SELECTOR = YES;
				GCC_WARN_UNINITIALIZED_AUTOS = YES_AGGRESSIVE;
				GCC_WARN_UNUSED_FUNCTION = YES;
				GCC_WARN_UNUSED_VARIABLE = YES;
				INFOPLIST_FILE = TownConnect/Resources/Info.plist;
				IPHONEOS_DEPLOYMENT_TARGET = 16.0;
				MTL_ENABLE_DEBUG_INFO = INCLUDE_SOURCE;
				MTL_FAST_MATH = YES;
				ONLY_ACTIVE_ARCH = YES;
				PRODUCT_NAME = "$(TARGET_NAME)";
				SDKROOT = iphoneos;
				SWIFT_ACTIVE_COMPILATION_CONDITIONS = DEBUG;
				SWIFT_OPTIMIZATION_LEVEL = "-Onone";
				SWIFT_VERSION = 5.9;
			};
			name = Debug;
		};
		CF5C4BACD5F516570435DCD8 /* Release */ = {
			isa = XCBuildConfiguration;
			buildSettings = {
				ASSETCATALOG_COMPILER_APPICON_NAME = AppIcon;
				CODE_SIGN_IDENTITY = "iPhone Developer";
				INFOPLIST_FILE = TownConnect/Resources/Info.plist;
				LD_RUNPATH_SEARCH_PATHS = (
					"$(inherited)",
					"@executable_path/Frameworks",
				);
				PRODUCT_BUNDLE_IDENTIFIER = app.townconnect;
				SDKROOT = iphoneos;
				TARGETED_DEVICE_FAMILY = "1,2";
			};
			name = Release;
		};
		E53CE46DF2E8DAECB0459132 /* Debug */ = {
			isa = XCBuildConfiguration;
			buildSettings = {
				BUNDLE_LOADER = "$(TEST_HOST)";
				LD_RUNPATH_SEARCH_PATHS = (
					"$(inherited)",
					"@executable_path/Frameworks",
					"@loader_path/Frameworks",
				);
				SDKROOT = iphoneos;
				TARGETED_DEVICE_FAMILY = "1,2";
				TEST_HOST = "$(BUILT_PRODUCTS_DIR)/TownConnect.app/TownConnect";
			};
			name = Debug;
		};
		EE24F6DB92D9C394DC174A2F /* Release */ = {
			isa = XCBuildConfiguration;
			buildSettings = {
				ALWAYS_SEARCH_USER_PATHS = NO;
				CLANG_ANALYZER_NONNULL = YES;
				CLANG_ANALYZER_NUMBER_OBJECT_CONVERSION = YES_AGGRESSIVE;
				CLANG_CXX_LANGUAGE_STANDARD = "gnu++14";
				CLANG_CXX_LIBRARY = "libc++";
				CLANG_ENABLE_MODULES = YES;
				CLANG_ENABLE_OBJC_ARC = YES;
				CLANG_ENABLE_OBJC_WEAK = YES;
				CLANG_WARN_BLOCK_CAPTURE_AUTORELEASING = YES;
				CLANG_WARN_BOOL_CONVERSION = YES;
				CLANG_WARN_COMMA = YES;
				CLANG_WARN_CONSTANT_CONVERSION = YES;
				CLANG_WARN_DEPRECATED_OBJC_IMPLEMENTATIONS = YES;
				CLANG_WARN_DIRECT_OBJC_ISA_USAGE = YES_ERROR;
				CLANG_WARN_DOCUMENTATION_COMMENTS = YES;
				CLANG_WARN_EMPTY_BODY = YES;
				CLANG_WARN_ENUM_CONVERSION = YES;
				CLANG_WARN_INFINITE_RECURSION = YES;
				CLANG_WARN_INT_CONVERSION = YES;
				CLANG_WARN_NON_LITERAL_NULL_CONVERSION = YES;
				CLANG_WARN_OBJC_IMPLICIT_RETAIN_SELF = YES;
				CLANG_WARN_OBJC_LITERAL_CONVERSION = YES;
				CLANG_WARN_OBJC_ROOT_CLASS = YES_ERROR;
				CLANG_WARN_QUOTED_INCLUDE_IN_FRAMEWORK_HEADER = YES;
				CLANG_WARN_RANGE_LOOP_ANALYSIS = YES;
				CLANG_WARN_STRICT_PROTOTYPES = YES;
				CLANG_WARN_SUSPICIOUS_MOVE = YES;
				CLANG_WARN_UNGUARDED_AVAILABILITY = YES_AGGRESSIVE;
				CLANG_WARN_UNREACHABLE_CODE = YES;
				CLANG_WARN__DUPLICATE_METHOD_MATCH = YES;
				COPY_PHASE_STRIP = NO;
				DEBUG_INFORMATION_FORMAT = "dwarf-with-dsym";
				ENABLE_NS_ASSERTIONS = NO;
				ENABLE_STRICT_OBJC_MSGSEND = YES;
				GCC_C_LANGUAGE_STANDARD = gnu11;
				GCC_NO_COMMON_BLOCKS = YES;
				GCC_WARN_64_TO_32_BIT_CONVERSION = YES;
				GCC_WARN_ABOUT_RETURN_TYPE = YES_ERROR;
				GCC_WARN_UNDECLARED_SELECTOR = YES;
				GCC_WARN_UNINITIALIZED_AUTOS = YES_AGGRESSIVE;
				GCC_WARN_UNUSED_FUNCTION = YES;
				GCC_WARN_UNUSED_VARIABLE = YES;
				INFOPLIST_FILE = TownConnect/Resources/Info.plist;
				IPHONEOS_DEPLOYMENT_TARGET = 16.0;
				MTL_ENABLE_DEBUG_INFO = NO;
				MTL_FAST_MATH = YES;
				PRODUCT_NAME = "$(TARGET_NAME)";
				SDKROOT = iphoneos;
				SWIFT_COMPILATION_MODE = wholemodule;
				SWIFT_OPTIMIZATION_LEVEL = "-O";
				SWIFT_VERSION = 5.9;
			};
			name = Release;
		};
		F69DB58903974BA8B8A22ECD /* Release */ = {
			isa = XCBuildConfiguration;
			buildSettings = {
				BUNDLE_LOADER = "$(TEST_HOST)";
				LD_RUNPATH_SEARCH_PATHS = (
					"$(inherited)",
					"@executable_path/Frameworks",
					"@loader_path/Frameworks",
				);
				SDKROOT = iphoneos;
				TARGETED_DEVICE_FAMILY = "1,2";
				TEST_HOST = "$(BUILT_PRODUCTS_DIR)/TownConnect.app/TownConnect";
			};
			name = Release;
		};
/* End XCBuildConfiguration section */

/* Begin XCConfigurationList section */
		1C627B183D1A66C6E27FC1EE /* Build configuration list for PBXNativeTarget "TownConnectTests" */ = {
			isa = XCConfigurationList;
			buildConfigurations = (
				E53CE46DF2E8DAECB0459132 /* Debug */,
				F69DB58903974BA8B8A22ECD /* Release */,
			);
			defaultConfigurationIsVisible = 0;
			defaultConfigurationName = Debug;
		};
		B9F710C6E48624C95FDCB924 /* Build configuration list for PBXNativeTarget "TownConnect" */ = {
			isa = XCConfigurationList;
			buildConfigurations = (
				911FBEC480427563C4219E4F /* Debug */,
				CF5C4BACD5F516570435DCD8 /* Release */,
			);
			defaultConfigurationIsVisible = 0;
			defaultConfigurationName = Debug;
		};
		CAB3E27E40662C4421DC98D3 /* Build configuration list for PBXProject "TownConnect" */ = {
			isa = XCConfigurationList;
			buildConfigurations = (
				B2C6EAC5AF4810D08BFBC97E /* Debug */,
				EE24F6DB92D9C394DC174A2F /* Release */,
			);
			defaultConfigurationIsVisible = 0;
			defaultConfigurationName = Debug;
		};
/* End XCConfigurationList section */

/* Begin XCRemoteSwiftPackageReference section */
		D38FCFCD5473185249BC5294 /* XCRemoteSwiftPackageReference "supabase-swift" */ = {
			isa = XCRemoteSwiftPackageReference;
			repositoryURL = "https://github.com/supabase/supabase-swift";
			requirement = {
				kind = upToNextMajorVersion;
				minimumVersion = 2.0.0;
			};
		};
/* End XCRemoteSwiftPackageReference section */

/* Begin XCSwiftPackageProductDependency section */
		CD2FC1ED2649AF7D8481DB9A /* Supabase */ = {
			isa = XCSwiftPackageProductDependency;
			package = D38FCFCD5473185249BC5294 /* XCRemoteSwiftPackageReference "supabase-swift" */;
			productName = Supabase;
		};
/* End XCSwiftPackageProductDependency section */
	};
	rootObject = 19879704394D8D31C47886FF /* Project object */;
}
